
Microsoft Visual Studio Solution File, Format Version 12.00
# Visual Studio Version 17
VisualStudioVersion = 17.5.33414.496
MinimumVisualStudioVersion = 10.0.40219.1
Project("{FAE04EC0-301F-11D3-BF4B-00C04F79EFBC}") = "RavenPortfolio", "RavenPortfolio\RavenPortfolio.csproj", "{981D7343-5176-4061-909A-65BD0671913B}"
EndProject
Global
	GlobalSection(SolutionConfigurationPlatforms) = preSolution
		Debug|Any CPU = Debug|Any CPU
		Release|Any CPU = Release|Any CPU
	EndGlobalSection
	GlobalSection(ProjectConfigurationPlatforms) = postSolution
		{981D7343-5176-4061-909A-65BD0671913B}.Debug|Any CPU.ActiveCfg = Debug|Any CPU
		{981D7343-5176-4061-909A-65BD0671913B}.Debug|Any CPU.Build.0 = Debug|Any CPU
		{981D7343-5176-4061-909A-65BD0671913B}.Release|Any CPU.ActiveCfg = Release|Any CPU
		{981D7343-5176-4061-909A-65BD0671913B}.Release|Any CPU.Build.0 = Release|Any CPU
	EndGlobalSection
	GlobalSection(SolutionProperties) = preSolution
		HideSolutionNode = FALSE
	EndGlobalSection
	GlobalSection(ExtensibilityGlobals) = postSolution
		SolutionGuid = {17987C3C-E5F5-4D84-A544-F9D353D633FB}
	EndGlobalSection
EndGlobal
